// !$*UTF8*$!
{
	archiveVersion = 1;
	classes = {
	};
	objectVersion = 48;
	objects = {

/* Begin PBXBuildFile section */
		5FA0690523D8E46400FEF160 /* JsonEncoding.swift in Sources */ = {isa = PBXBuildFile; fileRef = 5FA068F723D8E46400FEF160 /* JsonEncoding.swift */; };
		5FA0690623D8E46400FEF160 /* ParametersEncoding.swift in Sources */ = {isa = PBXBuildFile; fileRef = 5FA068F823D8E46400FEF160 /* ParametersEncoding.swift */; };
		5FA0690723D8E46400FEF160 /* NetworkManager.swift in Sources */ = {isa = PBXBuildFile; fileRef = 5FA068FA23D8E46400FEF160 /* NetworkManager.swift */; };
		5FA0690923D8E46400FEF160 /* ProjectRepository.swift in Sources */ = {isa = PBXBuildFile; fileRef = 5FA068FE23D8E46400FEF160 /* ProjectRepository.swift */; };
		5FA0690A23D8E46400FEF160 /* HTTPTask.swift in Sources */ = {isa = PBXBuildFile; fileRef = 5FA0690023D8E46400FEF160 /* HTTPTask.swift */; };
		5FA0690B23D8E46400FEF160 /* HTTPMethod.swift in Sources */ = {isa = PBXBuildFile; fileRef = 5FA0690123D8E46400FEF160 /* HTTPMethod.swift */; };
		5FA0690C23D8E46400FEF160 /* Router.swift in Sources */ = {isa = PBXBuildFile; fileRef = 5FA0690223D8E46400FEF160 /* Router.swift */; };
		5FA0690D23D8E46400FEF160 /* EndPointType.swift in Sources */ = {isa = PBXBuildFile; fileRef = 5FA0690323D8E46400FEF160 /* EndPointType.swift */; };
		5FABA90923DF93D900A2234F /* BeerListCellViewModel.swift in Sources */ = {isa = PBXBuildFile; fileRef = 5FABA90823DF93D900A2234F /* BeerListCellViewModel.swift */; };
		5FE013E723DC580900793AA9 /* ObjectOutput.swift in Sources */ = {isa = PBXBuildFile; fileRef = 5FE013E623DC580900793AA9 /* ObjectOutput.swift */; };
		5FE013E923DC590D00793AA9 /* BeerApiPunkEndPoint.swift in Sources */ = {isa = PBXBuildFile; fileRef = 5FE013E823DC590D00793AA9 /* BeerApiPunkEndPoint.swift */; };
		5FE013EC23DC5F4C00793AA9 /* Warning.swift in Sources */ = {isa = PBXBuildFile; fileRef = 5FE013EB23DC5F4C00793AA9 /* Warning.swift */; };
		5FE013EF23DC63EF00793AA9 /* ProductsViewModel.swift in Sources */ = {isa = PBXBuildFile; fileRef = 5FE013EE23DC63EF00793AA9 /* ProductsViewModel.swift */; };
		5FE013F123DC833C00793AA9 /* UtilImage.swift in Sources */ = {isa = PBXBuildFile; fileRef = 5FE013F023DC833C00793AA9 /* UtilImage.swift */; };
		5FE013F323DC8A3D00793AA9 /* DetailProductViewModel.swift in Sources */ = {isa = PBXBuildFile; fileRef = 5FE013F223DC8A3D00793AA9 /* DetailProductViewModel.swift */; };
		76C09F1D2044333E0006E8F8 /* AppDelegate.swift in Sources */ = {isa = PBXBuildFile; fileRef = 76C09F1C2044333E0006E8F8 /* AppDelegate.swift */; };
		76C09F222044333E0006E8F8 /* Main.storyboard in Resources */ = {isa = PBXBuildFile; fileRef = 76C09F202044333E0006E8F8 /* Main.storyboard */; };
		76C09F242044333E0006E8F8 /* Assets.xcassets in Resources */ = {isa = PBXBuildFile; fileRef = 76C09F232044333E0006E8F8 /* Assets.xcassets */; };
		76C09F272044333E0006E8F8 /* LaunchScreen.storyboard in Resources */ = {isa = PBXBuildFile; fileRef = 76C09F252044333E0006E8F8 /* LaunchScreen.storyboard */; };
		76C09F3520443B220006E8F8 /* ProductsView.swift in Sources */ = {isa = PBXBuildFile; fileRef = 76C09F3420443B220006E8F8 /* ProductsView.swift */; };
		76C09F3720443B470006E8F8 /* DetailProductView.swift in Sources */ = {isa = PBXBuildFile; fileRef = 76C09F3620443B470006E8F8 /* DetailProductView.swift */; };
		76C09F3920443B7C0006E8F8 /* ProductsViewController.swift in Sources */ = {isa = PBXBuildFile; fileRef = 76C09F3820443B7C0006E8F8 /* ProductsViewController.swift */; };
		76C09F3B20443B950006E8F8 /* DetailProductViewController.swift in Sources */ = {isa = PBXBuildFile; fileRef = 76C09F3A20443B950006E8F8 /* DetailProductViewController.swift */; };
		76C09F3D20443EB10006E8F8 /* ProductTableViewCell.swift in Sources */ = {isa = PBXBuildFile; fileRef = 76C09F3C20443EB10006E8F8 /* ProductTableViewCell.swift */; };
		76C09F40204441D60006E8F8 /* Product.swift in Sources */ = {isa = PBXBuildFile; fileRef = 76C09F3F204441D60006E8F8 /* Product.swift */; };
		76C09F422044453F0006E8F8 /* EndPoint.swift in Sources */ = {isa = PBXBuildFile; fileRef = 76C09F412044453F0006E8F8 /* EndPoint.swift */; };
		76C09F4620444A200006E8F8 /* Extension.swift in Sources */ = {isa = PBXBuildFile; fileRef = 76C09F4520444A200006E8F8 /* Extension.swift */; };
/* End PBXBuildFile section */

/* Begin PBXFileReference section */
		5FA068F723D8E46400FEF160 /* JsonEncoding.swift */ = {isa = PBXFileReference; fileEncoding = 4; lastKnownFileType = sourcecode.swift; path = JsonEncoding.swift; sourceTree = "<group>"; };
		5FA068F823D8E46400FEF160 /* ParametersEncoding.swift */ = {isa = PBXFileReference; fileEncoding = 4; lastKnownFileType = sourcecode.swift; path = ParametersEncoding.swift; sourceTree = "<group>"; };
		5FA068FA23D8E46400FEF160 /* NetworkManager.swift */ = {isa = PBXFileReference; fileEncoding = 4; lastKnownFileType = sourcecode.swift; path = NetworkManager.swift; sourceTree = "<group>"; };
		5FA068FE23D8E46400FEF160 /* ProjectRepository.swift */ = {isa = PBXFileReference; fileEncoding = 4; lastKnownFileType = sourcecode.swift; path = ProjectRepository.swift; sourceTree = "<group>"; };
		5FA0690023D8E46400FEF160 /* HTTPTask.swift */ = {isa = PBXFileReference; fileEncoding = 4; lastKnownFileType = sourcecode.swift; path = HTTPTask.swift; sourceTree = "<group>"; };
		5FA0690123D8E46400FEF160 /* HTTPMethod.swift */ = {isa = PBXFileReference; fileEncoding = 4; lastKnownFileType = sourcecode.swift; path = HTTPMethod.swift; sourceTree = "<group>"; };
		5FA0690223D8E46400FEF160 /* Router.swift */ = {isa = PBXFileReference; fileEncoding = 4; lastKnownFileType = sourcecode.swift; path = Router.swift; sourceTree = "<group>"; };
		5FA0690323D8E46400FEF160 /* EndPointType.swift */ = {isa = PBXFileReference; fileEncoding = 4; lastKnownFileType = sourcecode.swift; path = EndPointType.swift; sourceTree = "<group>"; };
		5FABA90823DF93D900A2234F /* BeerListCellViewModel.swift */ = {isa = PBXFileReference; lastKnownFileType = sourcecode.swift; path = BeerListCellViewModel.swift; sourceTree = "<group>"; };
		5FE013E623DC580900793AA9 /* ObjectOutput.swift */ = {isa = PBXFileReference; lastKnownFileType = sourcecode.swift; path = ObjectOutput.swift; sourceTree = "<group>"; };
		5FE013E823DC590D00793AA9 /* BeerApiPunkEndPoint.swift */ = {isa = PBXFileReference; lastKnownFileType = sourcecode.swift; path = BeerApiPunkEndPoint.swift; sourceTree = "<group>"; };
		5FE013EB23DC5F4C00793AA9 /* Warning.swift */ = {isa = PBXFileReference; lastKnownFileType = sourcecode.swift; path = Warning.swift; sourceTree = "<group>"; };
		5FE013EE23DC63EF00793AA9 /* ProductsViewModel.swift */ = {isa = PBXFileReference; lastKnownFileType = sourcecode.swift; path = ProductsViewModel.swift; sourceTree = "<group>"; };
		5FE013F023DC833C00793AA9 /* UtilImage.swift */ = {isa = PBXFileReference; lastKnownFileType = sourcecode.swift; path = UtilImage.swift; sourceTree = "<group>"; };
		5FE013F223DC8A3D00793AA9 /* DetailProductViewModel.swift */ = {isa = PBXFileReference; lastKnownFileType = sourcecode.swift; path = DetailProductViewModel.swift; sourceTree = "<group>"; };
		76C09F192044333E0006E8F8 /* BeerApiPunk.app */ = {isa = PBXFileReference; explicitFileType = wrapper.application; includeInIndex = 0; path = BeerApiPunk.app; sourceTree = BUILT_PRODUCTS_DIR; };
		76C09F1C2044333E0006E8F8 /* AppDelegate.swift */ = {isa = PBXFileReference; lastKnownFileType = sourcecode.swift; path = AppDelegate.swift; sourceTree = "<group>"; };
		76C09F212044333E0006E8F8 /* Base */ = {isa = PBXFileReference; lastKnownFileType = file.storyboard; name = Base; path = Base.lproj/Main.storyboard; sourceTree = "<group>"; };
		76C09F232044333E0006E8F8 /* Assets.xcassets */ = {isa = PBXFileReference; lastKnownFileType = folder.assetcatalog; path = Assets.xcassets; sourceTree = "<group>"; };
		76C09F262044333E0006E8F8 /* Base */ = {isa = PBXFileReference; lastKnownFileType = file.storyboard; name = Base; path = Base.lproj/LaunchScreen.storyboard; sourceTree = "<group>"; };
		76C09F282044333E0006E8F8 /* Info.plist */ = {isa = PBXFileReference; lastKnownFileType = text.plist.xml; path = Info.plist; sourceTree = "<group>"; };
		76C09F3420443B220006E8F8 /* ProductsView.swift */ = {isa = PBXFileReference; lastKnownFileType = sourcecode.swift; path = ProductsView.swift; sourceTree = "<group>"; };
		76C09F3620443B470006E8F8 /* DetailProductView.swift */ = {isa = PBXFileReference; lastKnownFileType = sourcecode.swift; path = DetailProductView.swift; sourceTree = "<group>"; };
		76C09F3820443B7C0006E8F8 /* ProductsViewController.swift */ = {isa = PBXFileReference; lastKnownFileType = sourcecode.swift; path = ProductsViewController.swift; sourceTree = "<group>"; };
		76C09F3A20443B950006E8F8 /* DetailProductViewController.swift */ = {isa = PBXFileReference; lastKnownFileType = sourcecode.swift; path = DetailProductViewController.swift; sourceTree = "<group>"; };
		76C09F3C20443EB10006E8F8 /* ProductTableViewCell.swift */ = {isa = PBXFileReference; lastKnownFileType = sourcecode.swift; path = ProductTableViewCell.swift; sourceTree = "<group>"; };
		76C09F3F204441D60006E8F8 /* Product.swift */ = {isa = PBXFileReference; lastKnownFileType = sourcecode.swift; path = Product.swift; sourceTree = "<group>"; };
		76C09F412044453F0006E8F8 /* EndPoint.swift */ = {isa = PBXFileReference; lastKnownFileType = sourcecode.swift; path = EndPoint.swift; sourceTree = "<group>"; };
		76C09F4520444A200006E8F8 /* Extension.swift */ = {isa = PBXFileReference; lastKnownFileType = sourcecode.swift; path = Extension.swift; sourceTree = "<group>"; };
/* End PBXFileReference section */

/* Begin PBXFrameworksBuildPhase section */
		76C09F162044333E0006E8F8 /* Frameworks */ = {
			isa = PBXFrameworksBuildPhase;
			buildActionMask = 2147483647;
			files = (
			);
			runOnlyForDeploymentPostprocessing = 0;
		};
/* End PBXFrameworksBuildPhase section */

/* Begin PBXGroup section */
		5FA068F323D8E46400FEF160 /* Connect */ = {
			isa = PBXGroup;
			children = (
				5FE013E523DC57F800793AA9 /* ObjectOutput */,
				5FA068F623D8E46400FEF160 /* Encoding */,
				5FA068F923D8E46400FEF160 /* Manager */,
				5FA068FB23D8E46400FEF160 /* EndPoint */,
				5FA068FD23D8E46400FEF160 /* ProjectRepository */,
				5FA068FF23D8E46400FEF160 /* Service */,
			);
			path = Connect;
			sourceTree = "<group>";
		};
		5FA068F623D8E46400FEF160 /* Encoding */ = {
			isa = PBXGroup;
			children = (
				5FA068F723D8E46400FEF160 /* JsonEncoding.swift */,
				5FA068F823D8E46400FEF160 /* ParametersEncoding.swift */,
			);
			path = Encoding;
			sourceTree = "<group>";
		};
		5FA068F923D8E46400FEF160 /* Manager */ = {
			isa = PBXGroup;
			children = (
				5FA068FA23D8E46400FEF160 /* NetworkManager.swift */,
			);
			path = Manager;
			sourceTree = "<group>";
		};
		5FA068FB23D8E46400FEF160 /* EndPoint */ = {
			isa = PBXGroup;
			children = (
				5FE013E823DC590D00793AA9 /* BeerApiPunkEndPoint.swift */,
			);
			path = EndPoint;
			sourceTree = "<group>";
		};
		5FA068FD23D8E46400FEF160 /* ProjectRepository */ = {
			isa = PBXGroup;
			children = (
				5FA068FE23D8E46400FEF160 /* ProjectRepository.swift */,
			);
			path = ProjectRepository;
			sourceTree = "<group>";
		};
		5FA068FF23D8E46400FEF160 /* Service */ = {
			isa = PBXGroup;
			children = (
				5FA0690023D8E46400FEF160 /* HTTPTask.swift */,
				5FA0690123D8E46400FEF160 /* HTTPMethod.swift */,
				5FA0690223D8E46400FEF160 /* Router.swift */,
				5FA0690323D8E46400FEF160 /* EndPointType.swift */,
			);
			path = Service;
			sourceTree = "<group>";
		};
		5FE013E523DC57F800793AA9 /* ObjectOutput */ = {
			isa = PBXGroup;
			children = (
				5FE013E623DC580900793AA9 /* ObjectOutput.swift */,
			);
			path = ObjectOutput;
			sourceTree = "<group>";
		};
		5FE013EA23DC5F3900793AA9 /* Utils */ = {
			isa = PBXGroup;
			children = (
				5FE013EB23DC5F4C00793AA9 /* Warning.swift */,
				5FE013F023DC833C00793AA9 /* UtilImage.swift */,
			);
			path = Utils;
			sourceTree = "<group>";
		};
		5FE013ED23DC63CF00793AA9 /* ViewModel */ = {
			isa = PBXGroup;
			children = (
				5FE013EE23DC63EF00793AA9 /* ProductsViewModel.swift */,
				5FE013F223DC8A3D00793AA9 /* DetailProductViewModel.swift */,
				5FABA90823DF93D900A2234F /* BeerListCellViewModel.swift */,
			);
			path = ViewModel;
			sourceTree = "<group>";
		};
		76C09F102044333E0006E8F8 = {
			isa = PBXGroup;
			children = (
				76C09F1B2044333E0006E8F8 /* BeerApiPunk */,
				76C09F1A2044333E0006E8F8 /* Products */,
			);
			sourceTree = "<group>";
		};
		76C09F1A2044333E0006E8F8 /* Products */ = {
			isa = PBXGroup;
			children = (
				76C09F192044333E0006E8F8 /* BeerApiPunk.app */,
			);
			name = Products;
			sourceTree = "<group>";
		};
		76C09F1B2044333E0006E8F8 /* BeerApiPunk */ = {
			isa = PBXGroup;
			children = (
				5FE013EA23DC5F3900793AA9 /* Utils */,
				5FA068F323D8E46400FEF160 /* Connect */,
				76C09F282044333E0006E8F8 /* Info.plist */,
				76C09F30204439CE0006E8F8 /* Module */,
				76C09F2E204439980006E8F8 /* Other */,
			);
			path = BeerApiPunk;
			sourceTree = "<group>";
		};
		76C09F2E204439980006E8F8 /* Other */ = {
			isa = PBXGroup;
			children = (
				76C09F1C2044333E0006E8F8 /* AppDelegate.swift */,
				76C09F232044333E0006E8F8 /* Assets.xcassets */,
				76C09F412044453F0006E8F8 /* EndPoint.swift */,
				76C09F4520444A200006E8F8 /* Extension.swift */,
				76C09F252044333E0006E8F8 /* LaunchScreen.storyboard */,
			);
			path = Other;
			sourceTree = "<group>";
		};
		76C09F30204439CE0006E8F8 /* Module */ = {
			isa = PBXGroup;
			children = (
				5FE013ED23DC63CF00793AA9 /* ViewModel */,
				76C09F33204439E80006E8F8 /* Controller */,
				76C09F3E204441AD0006E8F8 /* Model */,
				76C09F31204439D60006E8F8 /* Presenter */,
				76C09F32204439DF0006E8F8 /* View */,
			);
			path = Module;
			sourceTree = "<group>";
		};
		76C09F31204439D60006E8F8 /* Presenter */ = {
			isa = PBXGroup;
			children = (
				76C09F202044333E0006E8F8 /* Main.storyboard */,
			);
			path = Presenter;
			sourceTree = "<group>";
		};
		76C09F32204439DF0006E8F8 /* View */ = {
			isa = PBXGroup;
			children = (
				76C09F3620443B470006E8F8 /* DetailProductView.swift */,
				76C09F3420443B220006E8F8 /* ProductsView.swift */,
				76C09F3C20443EB10006E8F8 /* ProductTableViewCell.swift */,
			);
			path = View;
			sourceTree = "<group>";
		};
		76C09F33204439E80006E8F8 /* Controller */ = {
			isa = PBXGroup;
			children = (
				76C09F3A20443B950006E8F8 /* DetailProductViewController.swift */,
				76C09F3820443B7C0006E8F8 /* ProductsViewController.swift */,
			);
			path = Controller;
			sourceTree = "<group>";
		};
		76C09F3E204441AD0006E8F8 /* Model */ = {
			isa = PBXGroup;
			children = (
				76C09F3F204441D60006E8F8 /* Product.swift */,
			);
			path = Model;
			sourceTree = "<group>";
		};
/* End PBXGroup section */

/* Begin PBXNativeTarget section */
		76C09F182044333E0006E8F8 /* BeerApiPunk */ = {
			isa = PBXNativeTarget;
			buildConfigurationList = 76C09F2B2044333E0006E8F8 /* Build configuration list for PBXNativeTarget "BeerApiPunk" */;
			buildPhases = (
				76C09F152044333E0006E8F8 /* Sources */,
				76C09F162044333E0006E8F8 /* Frameworks */,
				76C09F172044333E0006E8F8 /* Resources */,
			);
			buildRules = (
			);
			dependencies = (
			);
			name = BeerApiPunk;
			productName = BeerApiPunk;
			productReference = 76C09F192044333E0006E8F8 /* BeerApiPunk.app */;
			productType = "com.apple.product-type.application";
		};
/* End PBXNativeTarget section */

/* Begin PBXProject section */
		76C09F112044333E0006E8F8 /* Project object */ = {
			isa = PBXProject;
			attributes = {
				LastSwiftUpdateCheck = 0920;
				LastUpgradeCheck = 0920;
				ORGANIZATIONNAME = "Thiago Garcia";
				TargetAttributes = {
					76C09F182044333E0006E8F8 = {
						CreatedOnToolsVersion = 9.2;
						ProvisioningStyle = Automatic;
					};
				};
			};
			buildConfigurationList = 76C09F142044333E0006E8F8 /* Build configuration list for PBXProject "BeerApiPunk" */;
			compatibilityVersion = "Xcode 8.0";
			developmentRegion = en;
			hasScannedForEncodings = 0;
			knownRegions = (
				en,
				Base,
			);
			mainGroup = 76C09F102044333E0006E8F8;
			productRefGroup = 76C09F1A2044333E0006E8F8 /* Products */;
			projectDirPath = "";
			projectRoot = "";
			targets = (
				76C09F182044333E0006E8F8 /* BeerApiPunk */,
			);
		};
/* End PBXProject section */

/* Begin PBXResourcesBuildPhase section */
		76C09F172044333E0006E8F8 /* Resources */ = {
			isa = PBXResourcesBuildPhase;
			buildActionMask = 2147483647;
			files = (
				76C09F272044333E0006E8F8 /* LaunchScreen.storyboard in Resources */,
				76C09F242044333E0006E8F8 /* Assets.xcassets in Resources */,
				76C09F222044333E0006E8F8 /* Main.storyboard in Resources */,
			);
			runOnlyForDeploymentPostprocessing = 0;
		};
/* End PBXResourcesBuildPhase section */

/* Begin PBXSourcesBuildPhase section */
		76C09F152044333E0006E8F8 /* Sources */ = {
			isa = PBXSourcesBuildPhase;
			buildActionMask = 2147483647;
			files = (
				5FA0690A23D8E46400FEF160 /* HTTPTask.swift in Sources */,
				76C09F3720443B470006E8F8 /* DetailProductView.swift in Sources */,
				5FA0690523D8E46400FEF160 /* JsonEncoding.swift in Sources */,
				5FE013F123DC833C00793AA9 /* UtilImage.swift in Sources */,
				76C09F3520443B220006E8F8 /* ProductsView.swift in Sources */,
				5FA0690C23D8E46400FEF160 /* Router.swift in Sources */,
				76C09F3920443B7C0006E8F8 /* ProductsViewController.swift in Sources */,
				5FA0690D23D8E46400FEF160 /* EndPointType.swift in Sources */,
				76C09F1D2044333E0006E8F8 /* AppDelegate.swift in Sources */,
				5FE013EC23DC5F4C00793AA9 /* Warning.swift in Sources */,
				5FE013EF23DC63EF00793AA9 /* ProductsViewModel.swift in Sources */,
				76C09F4620444A200006E8F8 /* Extension.swift in Sources */,
				5FA0690923D8E46400FEF160 /* ProjectRepository.swift in Sources */,
				5FA0690623D8E46400FEF160 /* ParametersEncoding.swift in Sources */,
				76C09F3B20443B950006E8F8 /* DetailProductViewController.swift in Sources */,
				5FE013E923DC590D00793AA9 /* BeerApiPunkEndPoint.swift in Sources */,
				5FE013E723DC580900793AA9 /* ObjectOutput.swift in Sources */,
				5FE013F323DC8A3D00793AA9 /* DetailProductViewModel.swift in Sources */,
				5FA0690723D8E46400FEF160 /* NetworkManager.swift in Sources */,
				5FA0690B23D8E46400FEF160 /* HTTPMethod.swift in Sources */,
				5FABA90923DF93D900A2234F /* BeerListCellViewModel.swift in Sources */,
				76C09F3D20443EB10006E8F8 /* ProductTableViewCell.swift in Sources */,
				76C09F40204441D60006E8F8 /* Product.swift in Sources */,
				76C09F422044453F0006E8F8 /* EndPoint.swift in Sources */,
			);
			runOnlyForDeploymentPostprocessing = 0;
		};
/* End PBXSourcesBuildPhase section */

/* Begin PBXVariantGroup section */
		76C09F202044333E0006E8F8 /* Main.storyboard */ = {
			isa = PBXVariantGroup;
			children = (
				76C09F212044333E0006E8F8 /* Base */,
			);
			name = Main.storyboard;
			sourceTree = "<group>";
		};
		76C09F252044333E0006E8F8 /* LaunchScreen.storyboard */ = {
			isa = PBXVariantGroup;
			children = (
				76C09F262044333E0006E8F8 /* Base */,
			);
			name = LaunchScreen.storyboard;
			sourceTree = "<group>";
		};
/* End PBXVariantGroup section */

/* Begin XCBuildConfiguration section */
		76C09F292044333E0006E8F8 /* Debug */ = {
			isa = XCBuildConfiguration;
			buildSettings = {
				ALWAYS_SEARCH_USER_PATHS = NO;
				CLANG_ANALYZER_NONNULL = YES;
				CLANG_ANALYZER_NUMBER_OBJECT_CONVERSION = YES_AGGRESSIVE;
				CLANG_CXX_LANGUAGE_STANDARD = "gnu++14";
				CLANG_CXX_LIBRARY = "libc++";
				CLANG_ENABLE_MODULES = YES;
				CLANG_ENABLE_OBJC_ARC = YES;
				CLANG_WARN_BLOCK_CAPTURE_AUTORELEASING = YES;
				CLANG_WARN_BOOL_CONVERSION = YES;
				CLANG_WARN_COMMA = YES;
				CLANG_WARN_CONSTANT_CONVERSION = YES;
				CLANG_WARN_DIRECT_OBJC_ISA_USAGE = YES_ERROR;
				CLANG_WARN_DOCUMENTATION_COMMENTS = YES;
				CLANG_WARN_EMPTY_BODY = YES;
				CLANG_WARN_ENUM_CONVERSION = YES;
				CLANG_WARN_INFINITE_RECURSION = YES;
				CLANG_WARN_INT_CONVERSION = YES;
				CLANG_WARN_NON_LITERAL_NULL_CONVERSION = YES;
				CLANG_WARN_OBJC_LITERAL_CONVERSION = YES;
				CLANG_WARN_OBJC_ROOT_CLASS = YES_ERROR;
				CLANG_WARN_RANGE_LOOP_ANALYSIS = YES;
				CLANG_WARN_STRICT_PROTOTYPES = YES;
				CLANG_WARN_SUSPICIOUS_MOVE = YES;
				CLANG_WARN_UNGUARDED_AVAILABILITY = YES_AGGRESSIVE;
				CLANG_WARN_UNREACHABLE_CODE = YES;
				CLANG_WARN__DUPLICATE_METHOD_MATCH = YES;
				CODE_SIGN_IDENTITY = "iPhone Developer";
				COPY_PHASE_STRIP = NO;
				DEBUG_INFORMATION_FORMAT = dwarf;
				ENABLE_STRICT_OBJC_MSGSEND = YES;
				ENABLE_TESTABILITY = YES;
				GCC_C_LANGUAGE_STANDARD = gnu11;
				GCC_DYNAMIC_NO_PIC = NO;
				GCC_NO_COMMON_BLOCKS = YES;
				GCC_OPTIMIZATION_LEVEL = 0;
				GCC_PREPROCESSOR_DEFINITIONS = (
					"DEBUG=1",
					"$(inherited)",
				);
				GCC_WARN_64_TO_32_BIT_CONVERSION = YES;
				GCC_WARN_ABOUT_RETURN_TYPE = YES_ERROR;
				GCC_WARN_UNDECLARED_SELECTOR = YES;
				GCC_WARN_UNINITIALIZED_AUTOS = YES_AGGRESSIVE;
				GCC_WARN_UNUSED_FUNCTION = YES;
				GCC_WARN_UNUSED_VARIABLE = YES;
				IPHONEOS_DEPLOYMENT_TARGET = 11.2;
				MTL_ENABLE_DEBUG_INFO = YES;
				ONLY_ACTIVE_ARCH = YES;
				SDKROOT = iphoneos;
				SWIFT_ACTIVE_COMPILATION_CONDITIONS = DEBUG;
				SWIFT_OPTIMIZATION_LEVEL = "-Onone";
			};
			name = Debug;
		};
		76C09F2A2044333E0006E8F8 /* Release */ = {
			isa = XCBuildConfiguration;
			buildSettings = {
				ALWAYS_SEARCH_USER_PATHS = NO;
				CLANG_ANALYZER_NONNULL = YES;
				CLANG_ANALYZER_NUMBER_OBJECT_CONVERSION = YES_AGGRESSIVE;
				CLANG_CXX_LANGUAGE_STANDARD = "gnu++14";
				CLANG_CXX_LIBRARY = "libc++";
				CLANG_ENABLE_MODULES = YES;
				CLANG_ENABLE_OBJC_ARC = YES;
				CLANG_WARN_BLOCK_CAPTURE_AUTORELEASING = YES;
				CLANG_WARN_BOOL_CONVERSION = YES;
				CLANG_WARN_COMMA = YES;
				CLANG_WARN_CONSTANT_CONVERSION = YES;
				CLANG_WARN_DIRECT_OBJC_ISA_USAGE = YES_ERROR;
				CLANG_WARN_DOCUMENTATION_COMMENTS = YES;
				CLANG_WARN_EMPTY_BODY = YES;
				CLANG_WARN_ENUM_CONVERSION = YES;
				CLANG_WARN_INFINITE_RECURSION = YES;
				CLANG_WARN_INT_CONVERSION = YES;
				CLANG_WARN_NON_LITERAL_NULL_CONVERSION = YES;
				CLANG_WARN_OBJC_LITERAL_CONVERSION = YES;
				CLANG_WARN_OBJC_ROOT_CLASS = YES_ERROR;
				CLANG_WARN_RANGE_LOOP_ANALYSIS = YES;
				CLANG_WARN_STRICT_PROTOTYPES = YES;
				CLANG_WARN_SUSPICIOUS_MOVE = YES;
				CLANG_WARN_UNGUARDED_AVAILABILITY = YES_AGGRESSIVE;
				CLANG_WARN_UNREACHABLE_CODE = YES;
				CLANG_WARN__DUPLICATE_METHOD_MATCH = YES;
				CODE_SIGN_IDENTITY = "iPhone Developer";
				COPY_PHASE_STRIP = NO;
				DEBUG_INFORMATION_FORMAT = "dwarf-with-dsym";
				ENABLE_NS_ASSERTIONS = NO;
				ENABLE_STRICT_OBJC_MSGSEND = YES;
				GCC_C_LANGUAGE_STANDARD = gnu11;
				GCC_NO_COMMON_BLOCKS = YES;
				GCC_WARN_64_TO_32_BIT_CONVERSION = YES;
				GCC_WARN_ABOUT_RETURN_TYPE = YES_ERROR;
				GCC_WARN_UNDECLARED_SELECTOR = YES;
				GCC_WARN_UNINITIALIZED_AUTOS = YES_AGGRESSIVE;
				GCC_WARN_UNUSED_FUNCTION = YES;
				GCC_WARN_UNUSED_VARIABLE = YES;
				IPHONEOS_DEPLOYMENT_TARGET = 11.2;
				MTL_ENABLE_DEBUG_INFO = NO;
				SDKROOT = iphoneos;
				SWIFT_OPTIMIZATION_LEVEL = "-Owholemodule";
				VALIDATE_PRODUCT = YES;
			};
			name = Release;
		};
		76C09F2C2044333E0006E8F8 /* Debug */ = {
			isa = XCBuildConfiguration;
			buildSettings = {
				ASSETCATALOG_COMPILER_APPICON_NAME = AppIcon;
				CODE_SIGN_STYLE = Automatic;
				DEVELOPMENT_TEAM = L9A67G2R54;
				INFOPLIST_FILE = BeerApiPunk/Info.plist;
				LD_RUNPATH_SEARCH_PATHS = "$(inherited) @executable_path/Frameworks";
				PRODUCT_BUNDLE_IDENTIFIER = br.com.programacao.thiagogarcia.BeerApiPunk;
				PRODUCT_NAME = "$(TARGET_NAME)";
				SWIFT_VERSION = 4.0;
				TARGETED_DEVICE_FAMILY = "1,2";
			};
			name = Debug;
		};
		76C09F2D2044333E0006E8F8 /* Release */ = {
			isa = XCBuildConfiguration;
			buildSettings = {
				ASSETCATALOG_COMPILER_APPICON_NAME = AppIcon;
				CODE_SIGN_STYLE = Automatic;
				DEVELOPMENT_TEAM = L9A67G2R54;
				INFOPLIST_FILE = BeerApiPunk/Info.plist;
				LD_RUNPATH_SEARCH_PATHS = "$(inherited) @executable_path/Frameworks";
				PRODUCT_BUNDLE_IDENTIFIER = br.com.programacao.thiagogarcia.BeerApiPunk;
				PRODUCT_NAME = "$(TARGET_NAME)";
				SWIFT_VERSION = 4.0;
				TARGETED_DEVICE_FAMILY = "1,2";
			};
			name = Release;
		};
/* End XCBuildConfiguration section */

/* Begin XCConfigurationList section */
		76C09F142044333E0006E8F8 /* Build configuration list for PBXProject "BeerApiPunk" */ = {
			isa = XCConfigurationList;
			buildConfigurations = (
				76C09F292044333E0006E8F8 /* Debug */,
				76C09F2A2044333E0006E8F8 /* Release */,
			);
			defaultConfigurationIsVisible = 0;
			defaultConfigurationName = Release;
		};
		76C09F2B2044333E0006E8F8 /* Build configuration list for PBXNativeTarget "BeerApiPunk" */ = {
			isa = XCConfigurationList;
			buildConfigurations = (
				76C09F2C2044333E0006E8F8 /* Debug */,
				76C09F2D2044333E0006E8F8 /* Release */,
			);
			defaultConfigurationIsVisible = 0;
			defaultConfigurationName = Release;
		};
/* End XCConfigurationList section */
	};
	rootObject = 76C09F112044333E0006E8F8 /* Project object */;
}
